
Microsoft Visual Studio Solution File, Format Version 12.00
# Visual Studio 2012
Project("{FAE04EC0-301F-11D3-BF4B-00C04F79EFBC}") = "KRES", "KRES\KRES.csproj", "{89231DA9-5217-4DF2-827A-7AA9F2D16963}"
EndProject
Global
	GlobalSection(SolutionConfigurationPlatforms) = preSolution
		Debug|Any CPU = Debug|Any CPU
		Release|Any CPU = Release|Any CPU
	EndGlobalSection
	GlobalSection(ProjectConfigurationPlatforms) = postSolution
		{89231DA9-5217-4DF2-827A-7AA9F2D16963}.Debug|Any CPU.ActiveCfg = Debug|Any CPU
		{89231DA9-5217-4DF2-827A-7AA9F2D16963}.Debug|Any CPU.Build.0 = Debug|Any CPU
		{89231DA9-5217-4DF2-827A-7AA9F2D16963}.Release|Any CPU.ActiveCfg = Release|Any CPU
		{89231DA9-5217-4DF2-827A-7AA9F2D16963}.Release|Any CPU.Build.0 = Release|Any CPU
	EndGlobalSection
	GlobalSection(SolutionProperties) = preSolution
		HideSolutionNode = FALSE
	EndGlobalSection
EndGlobal
